// !$*UTF8*$!
{
	archiveVersion = 1;
	classes = {
	};
	objectVersion = 46;
	objects = {

/* Begin PBXBuildFile section */
		55AEE335155A5F8E00A68594 /* UIKit.framework in Frameworks */ = {isa = PBXBuildFile; fileRef = 55AEE334155A5F8E00A68594 /* UIKit.framework */; };
		55AEE337155A5F8E00A68594 /* Foundation.framework in Frameworks */ = {isa = PBXBuildFile; fileRef = 55AEE336155A5F8E00A68594 /* Foundation.framework */; };
		55AEE339155A5F8E00A68594 /* CoreGraphics.framework in Frameworks */ = {isa = PBXBuildFile; fileRef = 55AEE338155A5F8E00A68594 /* CoreGraphics.framework */; };
		55AEE33F155A5F8E00A68594 /* InfoPlist.strings in Resources */ = {isa = PBXBuildFile; fileRef = 55AEE33D155A5F8E00A68594 /* InfoPlist.strings */; };
		55AEE341155A5F8E00A68594 /* main.m in Sources */ = {isa = PBXBuildFile; fileRef = 55AEE340155A5F8E00A68594 /* main.m */; };
		55AEE345155A5F8E00A68594 /* AppDelegate.m in Sources */ = {isa = PBXBuildFile; fileRef = 55AEE344155A5F8E00A68594 /* AppDelegate.m */; };
		55AEE348155A5F8E00A68594 /* ViewController.m in Sources */ = {isa = PBXBuildFile; fileRef = 55AEE347155A5F8E00A68594 /* ViewController.m */; };
		55AEE34B155A5F8E00A68594 /* ViewController.xib in Resources */ = {isa = PBXBuildFile; fileRef = 55AEE349155A5F8E00A68594 /* ViewController.xib */; };
		55AEE369155A6D8B00A68594 /* demo.xml in Resources */ = {isa = PBXBuildFile; fileRef = 55AEE368155A6D8B00A68594 /* demo.xml */; };
		55C94DFC155B9A76002CBC9F /* arrow.png in Resources */ = {isa = PBXBuildFile; fileRef = 55C94DFB155B9A76002CBC9F /* arrow.png */; };
		55C94DFE155B9B15002CBC9F /* arrow copy.png in Resources */ = {isa = PBXBuildFile; fileRef = 55C94DFD155B9B15002CBC9F /* arrow copy.png */; };
		55C94E07155B9F75002CBC9F /* iCarousel.m in Sources */ = {isa = PBXBuildFile; fileRef = 55C94E06155B9F75002CBC9F /* iCarousel.m */; };
		55C94E09155B9F9B002CBC9F /* QuartzCore.framework in Frameworks */ = {isa = PBXBuildFile; fileRef = 55C94E08155B9F9B002CBC9F /* QuartzCore.framework */; };
		55C94E2C155BD085002CBC9F /* Node.m in Sources */ = {isa = PBXBuildFile; fileRef = 55C94E2B155BD085002CBC9F /* Node.m */; };
/* End PBXBuildFile section */

/* Begin PBXFileReference section */
		55AEE330155A5F8E00A68594 /* CarouselInfo.app */ = {isa = PBXFileReference; explicitFileType = wrapper.application; includeInIndex = 0; path = CarouselInfo.app; sourceTree = BUILT_PRODUCTS_DIR; };
		55AEE334155A5F8E00A68594 /* UIKit.framework */ = {isa = PBXFileReference; lastKnownFileType = wrapper.framework; name = UIKit.framework; path = System/Library/Frameworks/UIKit.framework; sourceTree = SDKROOT; };
		55AEE336155A5F8E00A68594 /* Foundation.framework */ = {isa = PBXFileReference; lastKnownFileType = wrapper.framework; name = Foundation.framework; path = System/Library/Frameworks/Foundation.framework; sourceTree = SDKROOT; };
		55AEE338155A5F8E00A68594 /* CoreGraphics.framework */ = {isa = PBXFileReference; lastKnownFileType = wrapper.framework; name = CoreGraphics.framework; path = System/Library/Frameworks/CoreGraphics.framework; sourceTree = SDKROOT; };
		55AEE33C155A5F8E00A68594 /* CarouselInfo-Info.plist */ = {isa = PBXFileReference; lastKnownFileType = text.plist.xml; path = "CarouselInfo-Info.plist"; sourceTree = "<group>"; };
		55AEE33E155A5F8E00A68594 /* en */ = {isa = PBXFileReference; lastKnownFileType = text.plist.strings; name = en; path = en.lproj/InfoPlist.strings; sourceTree = "<group>"; };
		55AEE340155A5F8E00A68594 /* main.m */ = {isa = PBXFileReference; lastKnownFileType = sourcecode.c.objc; path = main.m; sourceTree = "<group>"; };
		55AEE342155A5F8E00A68594 /* CarouselInfo-Prefix.pch */ = {isa = PBXFileReference; lastKnownFileType = sourcecode.c.h; path = "CarouselInfo-Prefix.pch"; sourceTree = "<group>"; };
		55AEE343155A5F8E00A68594 /* AppDelegate.h */ = {isa = PBXFileReference; lastKnownFileType = sourcecode.c.h; path = AppDelegate.h; sourceTree = "<group>"; };
		55AEE344155A5F8E00A68594 /* AppDelegate.m */ = {isa = PBXFileReference; lastKnownFileType = sourcecode.c.objc; path = AppDelegate.m; sourceTree = "<group>"; };
		55AEE346155A5F8E00A68594 /* ViewController.h */ = {isa = PBXFileReference; lastKnownFileType = sourcecode.c.h; path = ViewController.h; sourceTree = "<group>"; };
		55AEE347155A5F8E00A68594 /* ViewController.m */ = {isa = PBXFileReference; lastKnownFileType = sourcecode.c.objc; path = ViewController.m; sourceTree = "<group>"; };
		55AEE34A155A5F8E00A68594 /* en */ = {isa = PBXFileReference; lastKnownFileType = file.xib; name = en; path = en.lproj/ViewController.xib; sourceTree = "<group>"; };
		55AEE368155A6D8B00A68594 /* demo.xml */ = {isa = PBXFileReference; fileEncoding = 4; lastKnownFileType = text.xml; path = demo.xml; sourceTree = "<group>"; };
		55C94DFB155B9A76002CBC9F /* arrow.png */ = {isa = PBXFileReference; lastKnownFileType = image.png; path = arrow.png; sourceTree = "<group>"; };
		55C94DFD155B9B15002CBC9F /* arrow copy.png */ = {isa = PBXFileReference; lastKnownFileType = image.png; path = "arrow copy.png"; sourceTree = "<group>"; };
		55C94E05155B9F75002CBC9F /* iCarousel.h */ = {isa = PBXFileReference; fileEncoding = 4; lastKnownFileType = sourcecode.c.h; path = iCarousel.h; sourceTree = "<group>"; };
		55C94E06155B9F75002CBC9F /* iCarousel.m */ = {isa = PBXFileReference; fileEncoding = 4; lastKnownFileType = sourcecode.c.objc; path = iCarousel.m; sourceTree = "<group>"; };
		55C94E08155B9F9B002CBC9F /* QuartzCore.framework */ = {isa = PBXFileReference; lastKnownFileType = wrapper.framework; name = QuartzCore.framework; path = System/Library/Frameworks/QuartzCore.framework; sourceTree = SDKROOT; };
		55C94E2A155BD085002CBC9F /* Node.h */ = {isa = PBXFileReference; fileEncoding = 4; lastKnownFileType = sourcecode.c.h; path = Node.h; sourceTree = "<group>"; };
		55C94E2B155BD085002CBC9F /* Node.m */ = {isa = PBXFileReference; fileEncoding = 4; lastKnownFileType = sourcecode.c.objc; path = Node.m; sourceTree = "<group>"; };
/* End PBXFileReference section */

/* Begin PBXFrameworksBuildPhase section */
		55AEE32D155A5F8E00A68594 /* Frameworks */ = {
			isa = PBXFrameworksBuildPhase;
			buildActionMask = 2147483647;
			files = (
				55C94E09155B9F9B002CBC9F /* QuartzCore.framework in Frameworks */,
				55AEE335155A5F8E00A68594 /* UIKit.framework in Frameworks */,
				55AEE337155A5F8E00A68594 /* Foundation.framework in Frameworks */,
				55AEE339155A5F8E00A68594 /* CoreGraphics.framework in Frameworks */,
			);
			runOnlyForDeploymentPostprocessing = 0;
		};
/* End PBXFrameworksBuildPhase section */

/* Begin PBXGroup section */
		55AEE325155A5F8E00A68594 = {
			isa = PBXGroup;
			children = (
				55AEE33A155A5F8E00A68594 /* CarouselInfo */,
				55AEE333155A5F8E00A68594 /* Frameworks */,
				55AEE331155A5F8E00A68594 /* Products */,
			);
			sourceTree = "<group>";
		};
		55AEE331155A5F8E00A68594 /* Products */ = {
			isa = PBXGroup;
			children = (
				55AEE330155A5F8E00A68594 /* CarouselInfo.app */,
			);
			name = Products;
			sourceTree = "<group>";
		};
		55AEE333155A5F8E00A68594 /* Frameworks */ = {
			isa = PBXGroup;
			children = (
				55C94E08155B9F9B002CBC9F /* QuartzCore.framework */,
				55AEE334155A5F8E00A68594 /* UIKit.framework */,
				55AEE336155A5F8E00A68594 /* Foundation.framework */,
				55AEE338155A5F8E00A68594 /* CoreGraphics.framework */,
			);
			name = Frameworks;
			sourceTree = "<group>";
		};
		55AEE33A155A5F8E00A68594 /* CarouselInfo */ = {
			isa = PBXGroup;
			children = (
				55C94E28155BC549002CBC9F /* controllers */,
				55C94E26155BC51C002CBC9F /* class */,
				55C94E25155BC502002CBC9F /* carousel */,
				55C94E29155BC57C002CBC9F /* delegate */,
				55AEE33B155A5F8E00A68594 /* Supporting Files */,
			);
			path = CarouselInfo;
			sourceTree = "<group>";
		};
		55AEE33B155A5F8E00A68594 /* Supporting Files */ = {
			isa = PBXGroup;
			children = (
				55C94DFD155B9B15002CBC9F /* arrow copy.png */,
				55C94DFB155B9A76002CBC9F /* arrow.png */,
				55AEE33C155A5F8E00A68594 /* CarouselInfo-Info.plist */,
				55AEE33D155A5F8E00A68594 /* InfoPlist.strings */,
				55AEE340155A5F8E00A68594 /* main.m */,
				55AEE342155A5F8E00A68594 /* CarouselInfo-Prefix.pch */,
				55AEE368155A6D8B00A68594 /* demo.xml */,
			);
			name = "Supporting Files";
			sourceTree = "<group>";
		};
		55C94E25155BC502002CBC9F /* carousel */ = {
			isa = PBXGroup;
			children = (
				55C94E05155B9F75002CBC9F /* iCarousel.h */,
				55C94E06155B9F75002CBC9F /* iCarousel.m */,
			);
			name = carousel;
			sourceTree = "<group>";
		};
		55C94E26155BC51C002CBC9F /* class */ = {
			isa = PBXGroup;
			children = (
				55C94E2B155BD085002CBC9F /* Node.m */,
				55C94E2A155BD085002CBC9F /* Node.h */,
			);
			name = class;
			sourceTree = "<group>";
		};
		55C94E28155BC549002CBC9F /* controllers */ = {
			isa = PBXGroup;
			children = (
				55AEE346155A5F8E00A68594 /* ViewController.h */,
				55AEE347155A5F8E00A68594 /* ViewController.m */,
				55AEE349155A5F8E00A68594 /* ViewController.xib */,
			);
			name = controllers;
			sourceTree = "<group>";
		};
		55C94E29155BC57C002CBC9F /* delegate */ = {
			isa = PBXGroup;
			children = (
				55AEE343155A5F8E00A68594 /* AppDelegate.h */,
				55AEE344155A5F8E00A68594 /* AppDelegate.m */,
			);
			name = delegate;
			sourceTree = "<group>";
		};
/* End PBXGroup section */

/* Begin PBXNativeTarget section */
		55AEE32F155A5F8E00A68594 /* CarouselInfo */ = {
			isa = PBXNativeTarget;
			buildConfigurationList = 55AEE34E155A5F8E00A68594 /* Build configuration list for PBXNativeTarget "CarouselInfo" */;
			buildPhases = (
				55AEE32C155A5F8E00A68594 /* Sources */,
				55AEE32D155A5F8E00A68594 /* Frameworks */,
				55AEE32E155A5F8E00A68594 /* Resources */,
			);
			buildRules = (
			);
			dependencies = (
			);
			name = CarouselInfo;
			productName = CarouselInfo;
			productReference = 55AEE330155A5F8E00A68594 /* CarouselInfo.app */;
			productType = "com.apple.product-type.application";
		};
/* End PBXNativeTarget section */

/* Begin PBXProject section */
		55AEE327155A5F8E00A68594 /* Project object */ = {
			isa = PBXProject;
			attributes = {
				LastUpgradeCheck = 0430;
			};
			buildConfigurationList = 55AEE32A155A5F8E00A68594 /* Build configuration list for PBXProject "CarouselInfo" */;
			compatibilityVersion = "Xcode 3.2";
			developmentRegion = English;
			hasScannedForEncodings = 0;
			knownRegions = (
				en,
			);
			mainGroup = 55AEE325155A5F8E00A68594;
			productRefGroup = 55AEE331155A5F8E00A68594 /* Products */;
			projectDirPath = "";
			projectRoot = "";
			targets = (
				55AEE32F155A5F8E00A68594 /* CarouselInfo */,
			);
		};
/* End PBXProject section */

/* Begin PBXResourcesBuildPhase section */
		55AEE32E155A5F8E00A68594 /* Resources */ = {
			isa = PBXResourcesBuildPhase;
			buildActionMask = 2147483647;
			files = (
				55AEE33F155A5F8E00A68594 /* InfoPlist.strings in Resources */,
				55AEE34B155A5F8E00A68594 /* ViewController.xib in Resources */,
				55AEE369155A6D8B00A68594 /* demo.xml in Resources */,
				55C94DFC155B9A76002CBC9F /* arrow.png in Resources */,
				55C94DFE155B9B15002CBC9F /* arrow copy.png in Resources */,
			);
			runOnlyForDeploymentPostprocessing = 0;
		};
/* End PBXResourcesBuildPhase section */

/* Begin PBXSourcesBuildPhase section */
		55AEE32C155A5F8E00A68594 /* Sources */ = {
			isa = PBXSourcesBuildPhase;
			buildActionMask = 2147483647;
			files = (
				55AEE341155A5F8E00A68594 /* main.m in Sources */,
				55AEE345155A5F8E00A68594 /* AppDelegate.m in Sources */,
				55AEE348155A5F8E00A68594 /* ViewController.m in Sources */,
				55C94E07155B9F75002CBC9F /* iCarousel.m in Sources */,
				55C94E2C155BD085002CBC9F /* Node.m in Sources */,
			);
			runOnlyForDeploymentPostprocessing = 0;
		};
/* End PBXSourcesBuildPhase section */

/* Begin PBXVariantGroup section */
		55AEE33D155A5F8E00A68594 /* InfoPlist.strings */ = {
			isa = PBXVariantGroup;
			children = (
				55AEE33E155A5F8E00A68594 /* en */,
			);
			name = InfoPlist.strings;
			sourceTree = "<group>";
		};
		55AEE349155A5F8E00A68594 /* ViewController.xib */ = {
			isa = PBXVariantGroup;
			children = (
				55AEE34A155A5F8E00A68594 /* en */,
			);
			name = ViewController.xib;
			sourceTree = "<group>";
		};
/* End PBXVariantGroup section */

/* Begin XCBuildConfiguration section */
		55AEE34C155A5F8E00A68594 /* Debug */ = {
			isa = XCBuildConfiguration;
			buildSettings = {
				ALWAYS_SEARCH_USER_PATHS = NO;
				ARCHS = "$(ARCHS_STANDARD_32_BIT)";
				CLANG_ENABLE_OBJC_ARC = YES;
				"CODE_SIGN_IDENTITY[sdk=iphoneos*]" = "iPhone Developer";
				COPY_PHASE_STRIP = NO;
				GCC_C_LANGUAGE_STANDARD = gnu99;
				GCC_DYNAMIC_NO_PIC = NO;
				GCC_OPTIMIZATION_LEVEL = 0;
				GCC_PREPROCESSOR_DEFINITIONS = (
					"DEBUG=1",
					"$(inherited)",
				);
				GCC_SYMBOLS_PRIVATE_EXTERN = NO;
				GCC_VERSION = com.apple.compilers.llvm.clang.1_0;
				GCC_WARN_ABOUT_RETURN_TYPE = YES;
				GCC_WARN_UNINITIALIZED_AUTOS = YES;
				GCC_WARN_UNUSED_VARIABLE = YES;
				IPHONEOS_DEPLOYMENT_TARGET = 5.1;
				SDKROOT = iphoneos;
				TARGETED_DEVICE_FAMILY = 2;
			};
			name = Debug;
		};
		55AEE34D155A5F8E00A68594 /* Release */ = {
			isa = XCBuildConfiguration;
			buildSettings = {
				ALWAYS_SEARCH_USER_PATHS = NO;
				ARCHS = "$(ARCHS_STANDARD_32_BIT)";
				CLANG_ENABLE_OBJC_ARC = YES;
				"CODE_SIGN_IDENTITY[sdk=iphoneos*]" = "iPhone Developer";
				COPY_PHASE_STRIP = YES;
				GCC_C_LANGUAGE_STANDARD = gnu99;
				GCC_VERSION = com.apple.compilers.llvm.clang.1_0;
				GCC_WARN_ABOUT_RETURN_TYPE = YES;
				GCC_WARN_UNINITIALIZED_AUTOS = YES;
				GCC_WARN_UNUSED_VARIABLE = YES;
				IPHONEOS_DEPLOYMENT_TARGET = 5.1;
				OTHER_CFLAGS = "-DNS_BLOCK_ASSERTIONS=1";
				SDKROOT = iphoneos;
				TARGETED_DEVICE_FAMILY = 2;
				VALIDATE_PRODUCT = YES;
			};
			name = Release;
		};
		55AEE34F155A5F8E00A68594 /* Debug */ = {
			isa = XCBuildConfiguration;
			buildSettings = {
				GCC_PRECOMPILE_PREFIX_HEADER = YES;
				GCC_PREFIX_HEADER = "CarouselInfo/CarouselInfo-Prefix.pch";
				INFOPLIST_FILE = "CarouselInfo/CarouselInfo-Info.plist";
				PRODUCT_NAME = "$(TARGET_NAME)";
				WRAPPER_EXTENSION = app;
			};
			name = Debug;
		};
		55AEE350155A5F8E00A68594 /* Release */ = {
			isa = XCBuildConfiguration;
			buildSettings = {
				GCC_PRECOMPILE_PREFIX_HEADER = YES;
				GCC_PREFIX_HEADER = "CarouselInfo/CarouselInfo-Prefix.pch";
				INFOPLIST_FILE = "CarouselInfo/CarouselInfo-Info.plist";
				PRODUCT_NAME = "$(TARGET_NAME)";
				WRAPPER_EXTENSION = app;
			};
			name = Release;
		};
/* End XCBuildConfiguration section */

/* Begin XCConfigurationList section */
		55AEE32A155A5F8E00A68594 /* Build configuration list for PBXProject "CarouselInfo" */ = {
			isa = XCConfigurationList;
			buildConfigurations = (
				55AEE34C155A5F8E00A68594 /* Debug */,
				55AEE34D155A5F8E00A68594 /* Release */,
			);
			defaultConfigurationIsVisible = 0;
			defaultConfigurationName = Release;
		};
		55AEE34E155A5F8E00A68594 /* Build configuration list for PBXNativeTarget "CarouselInfo" */ = {
			isa = XCConfigurationList;
			buildConfigurations = (
				55AEE34F155A5F8E00A68594 /* Debug */,
				55AEE350155A5F8E00A68594 /* Release */,
			);
			defaultConfigurationIsVisible = 0;
			defaultConfigurationName = Release;
		};
/* End XCConfigurationList section */
	};
	rootObject = 55AEE327155A5F8E00A68594 /* Project object */;
}
